
Microsoft Visual Studio Solution File, Format Version 12.00
# Visual Studio Version 17
VisualStudioVersion = 17.10.35013.160
MinimumVisualStudioVersion = 10.0.40219.1
Project("{FAE04EC0-301F-11D3-BF4B-00C04F79EFBC}") = "lab1", "lab1\lab1.csproj", "{40ED3CBB-302D-4DF4-9A07-47866A2D19EB}"
EndProject
Project("{FAE04EC0-301F-11D3-BF4B-00C04F79EFBC}") = "Test", "Test\Test.csproj", "{20E9A641-3F70-45D6-8173-5ED2DB21DF3E}"
EndProject
Project("{FAE04EC0-301F-11D3-BF4B-00C04F79EFBC}") = "ClassLibrary", "ClassLibrary\ClassLibrary.csproj", "{B33C5354-E206-4716-AA2F-0CB78DF53235}"
EndProject
Global
	GlobalSection(SolutionConfigurationPlatforms) = preSolution
		Debug|Any CPU = Debug|Any CPU
		Release|Any CPU = Release|Any CPU
	EndGlobalSection
	GlobalSection(ProjectConfigurationPlatforms) = postSolution
		{40ED3CBB-302D-4DF4-9A07-47866A2D19EB}.Debug|Any CPU.ActiveCfg = Debug|Any CPU
		{40ED3CBB-302D-4DF4-9A07-47866A2D19EB}.Debug|Any CPU.Build.0 = Debug|Any CPU
		{40ED3CBB-302D-4DF4-9A07-47866A2D19EB}.Release|Any CPU.ActiveCfg = Release|Any CPU
		{40ED3CBB-302D-4DF4-9A07-47866A2D19EB}.Release|Any CPU.Build.0 = Release|Any CPU
		{20E9A641-3F70-45D6-8173-5ED2DB21DF3E}.Debug|Any CPU.ActiveCfg = Debug|Any CPU
		{20E9A641-3F70-45D6-8173-5ED2DB21DF3E}.Debug|Any CPU.Build.0 = Debug|Any CPU
		{20E9A641-3F70-45D6-8173-5ED2DB21DF3E}.Release|Any CPU.ActiveCfg = Release|Any CPU
		{20E9A641-3F70-45D6-8173-5ED2DB21DF3E}.Release|Any CPU.Build.0 = Release|Any CPU
		{B33C5354-E206-4716-AA2F-0CB78DF53235}.Debug|Any CPU.ActiveCfg = Debug|Any CPU
		{B33C5354-E206-4716-AA2F-0CB78DF53235}.Debug|Any CPU.Build.0 = Debug|Any CPU
		{B33C5354-E206-4716-AA2F-0CB78DF53235}.Release|Any CPU.ActiveCfg = Release|Any CPU
		{B33C5354-E206-4716-AA2F-0CB78DF53235}.Release|Any CPU.Build.0 = Release|Any CPU
	EndGlobalSection
	GlobalSection(SolutionProperties) = preSolution
		HideSolutionNode = FALSE
	EndGlobalSection
	GlobalSection(ExtensibilityGlobals) = postSolution
		SolutionGuid = {8E970558-412C-4411-A2FE-AA73699CCB49}
	EndGlobalSection
EndGlobal
